// !$*UTF8*$!
{
	archiveVersion = 1;
	classes = {
	};
	objectVersion = 50;
	objects = {

/* Begin PBXBuildFile section */
		0D11D76F21F151AC0039C083 /* opencv2.framework in Frameworks */ = {isa = PBXBuildFile; fileRef = 0D11D76E21F151AC0039C083 /* opencv2.framework */; };
		0D11D77121F151D70039C083 /* CoreImage.framework in Frameworks */ = {isa = PBXBuildFile; fileRef = 0D11D77021F151D70039C083 /* CoreImage.framework */; };
		0D11D77321F151DE0039C083 /* Accelerate.framework in Frameworks */ = {isa = PBXBuildFile; fileRef = 0D11D77221F151DE0039C083 /* Accelerate.framework */; };
		0D11D77521F151ED0039C083 /* CoreMedia.framework in Frameworks */ = {isa = PBXBuildFile; fileRef = 0D11D77421F151ED0039C083 /* CoreMedia.framework */; };
		0D11D77721F151FE0039C083 /* CoreFoundation.framework in Frameworks */ = {isa = PBXBuildFile; fileRef = 0D11D77621F151FE0039C083 /* CoreFoundation.framework */; };
		0D11D77921F1520C0039C083 /* AssetsLibrary.framework in Frameworks */ = {isa = PBXBuildFile; fileRef = 0D11D77821F1520C0039C083 /* AssetsLibrary.framework */; };
		0D11D77B21F1521E0039C083 /* CoreVideo.framework in Frameworks */ = {isa = PBXBuildFile; fileRef = 0D11D77A21F1521E0039C083 /* CoreVideo.framework */; };
		0D11D77F21F152490039C083 /* OpenCVWrapper.mm in Sources */ = {isa = PBXBuildFile; fileRef = 0D11D77E21F152490039C083 /* OpenCVWrapper.mm */; };
		0D11D78221F2502B0039C083 /* opencvstabvideo.cpp in Sources */ = {isa = PBXBuildFile; fileRef = 0D11D78021F2502B0039C083 /* opencvstabvideo.cpp */; };
		0D8352A821F14A8B00CCDD1F /* AppDelegate.swift in Sources */ = {isa = PBXBuildFile; fileRef = 0D8352A721F14A8B00CCDD1F /* AppDelegate.swift */; };
		0D8352AA21F14A8B00CCDD1F /* ViewController.swift in Sources */ = {isa = PBXBuildFile; fileRef = 0D8352A921F14A8B00CCDD1F /* ViewController.swift */; };
		0D8352AD21F14A8B00CCDD1F /* Main.storyboard in Resources */ = {isa = PBXBuildFile; fileRef = 0D8352AB21F14A8B00CCDD1F /* Main.storyboard */; };
		0D8352AF21F14A8C00CCDD1F /* Assets.xcassets in Resources */ = {isa = PBXBuildFile; fileRef = 0D8352AE21F14A8C00CCDD1F /* Assets.xcassets */; };
		0D8352B221F14A8C00CCDD1F /* LaunchScreen.storyboard in Resources */ = {isa = PBXBuildFile; fileRef = 0D8352B021F14A8C00CCDD1F /* LaunchScreen.storyboard */; };
		0D8352BD21F14A8C00CCDD1F /* stabvideoTests.swift in Sources */ = {isa = PBXBuildFile; fileRef = 0D8352BC21F14A8C00CCDD1F /* stabvideoTests.swift */; };
		0D8352C821F14A8C00CCDD1F /* stabvideoUITests.swift in Sources */ = {isa = PBXBuildFile; fileRef = 0D8352C721F14A8C00CCDD1F /* stabvideoUITests.swift */; };
		0D8352D621F14C6100CCDD1F /* EditorViewController.swift in Sources */ = {isa = PBXBuildFile; fileRef = 0D8352D521F14C6100CCDD1F /* EditorViewController.swift */; };
		0D8352D821F14F3100CCDD1F /* VideoCollectionViewCell.swift in Sources */ = {isa = PBXBuildFile; fileRef = 0D8352D721F14F3100CCDD1F /* VideoCollectionViewCell.swift */; };
		87AF4C3F66129FAB09AECC14 /* Pods_stabvideo.framework in Frameworks */ = {isa = PBXBuildFile; fileRef = D6E40C7F63943223959439B6 /* Pods_stabvideo.framework */; };
		93DF99C4676507ED84B4D2C3 /* Pods_stabvideoUITests.framework in Frameworks */ = {isa = PBXBuildFile; fileRef = 1B203DE5E75AF8513A6B0497 /* Pods_stabvideoUITests.framework */; };
		E190DF5A35C54BC3F2AFDC3B /* Pods_stabvideoTests.framework in Frameworks */ = {isa = PBXBuildFile; fileRef = A2A82185EA30D9E406BFF979 /* Pods_stabvideoTests.framework */; };
/* End PBXBuildFile section */

/* Begin PBXContainerItemProxy section */
		0D8352B921F14A8C00CCDD1F /* PBXContainerItemProxy */ = {
			isa = PBXContainerItemProxy;
			containerPortal = 0D83529C21F14A8B00CCDD1F /* Project object */;
			proxyType = 1;
			remoteGlobalIDString = 0D8352A321F14A8B00CCDD1F;
			remoteInfo = stabvideo;
		};
		0D8352C421F14A8C00CCDD1F /* PBXContainerItemProxy */ = {
			isa = PBXContainerItemProxy;
			containerPortal = 0D83529C21F14A8B00CCDD1F /* Project object */;
			proxyType = 1;
			remoteGlobalIDString = 0D8352A321F14A8B00CCDD1F;
			remoteInfo = stabvideo;
		};
/* End PBXContainerItemProxy section */

/* Begin PBXFileReference section */
		0BFCE0549CF9C90AC57D1264 /* Pods-stabvideo.release.xcconfig */ = {isa = PBXFileReference; includeInIndex = 1; lastKnownFileType = text.xcconfig; name = "Pods-stabvideo.release.xcconfig"; path = "Pods/Target Support Files/Pods-stabvideo/Pods-stabvideo.release.xcconfig"; sourceTree = "<group>"; };
		0D11D76E21F151AC0039C083 /* opencv2.framework */ = {isa = PBXFileReference; lastKnownFileType = wrapper.framework; path = opencv2.framework; sourceTree = "<group>"; };
		0D11D77021F151D70039C083 /* CoreImage.framework */ = {isa = PBXFileReference; lastKnownFileType = wrapper.framework; name = CoreImage.framework; path = System/Library/Frameworks/CoreImage.framework; sourceTree = SDKROOT; };
		0D11D77221F151DE0039C083 /* Accelerate.framework */ = {isa = PBXFileReference; lastKnownFileType = wrapper.framework; name = Accelerate.framework; path = System/Library/Frameworks/Accelerate.framework; sourceTree = SDKROOT; };
		0D11D77421F151ED0039C083 /* CoreMedia.framework */ = {isa = PBXFileReference; lastKnownFileType = wrapper.framework; name = CoreMedia.framework; path = System/Library/Frameworks/CoreMedia.framework; sourceTree = SDKROOT; };
		0D11D77621F151FE0039C083 /* CoreFoundation.framework */ = {isa = PBXFileReference; lastKnownFileType = wrapper.framework; name = CoreFoundation.framework; path = System/Library/Frameworks/CoreFoundation.framework; sourceTree = SDKROOT; };
		0D11D77821F1520C0039C083 /* AssetsLibrary.framework */ = {isa = PBXFileReference; lastKnownFileType = wrapper.framework; name = AssetsLibrary.framework; path = System/Library/Frameworks/AssetsLibrary.framework; sourceTree = SDKROOT; };
		0D11D77A21F1521E0039C083 /* CoreVideo.framework */ = {isa = PBXFileReference; lastKnownFileType = wrapper.framework; name = CoreVideo.framework; path = System/Library/Frameworks/CoreVideo.framework; sourceTree = SDKROOT; };
		0D11D77C21F152490039C083 /* stabvideo-Bridging-Header.h */ = {isa = PBXFileReference; lastKnownFileType = sourcecode.c.h; path = "stabvideo-Bridging-Header.h"; sourceTree = "<group>"; };
		0D11D77D21F152490039C083 /* OpenCVWrapper.h */ = {isa = PBXFileReference; lastKnownFileType = sourcecode.c.h; path = OpenCVWrapper.h; sourceTree = "<group>"; };
		0D11D77E21F152490039C083 /* OpenCVWrapper.mm */ = {isa = PBXFileReference; lastKnownFileType = sourcecode.cpp.objcpp; path = OpenCVWrapper.mm; sourceTree = "<group>"; };
		0D11D78021F2502B0039C083 /* opencvstabvideo.cpp */ = {isa = PBXFileReference; lastKnownFileType = sourcecode.cpp.cpp; path = opencvstabvideo.cpp; sourceTree = "<group>"; };
		0D11D78121F2502B0039C083 /* opencvstabvideo.hpp */ = {isa = PBXFileReference; lastKnownFileType = sourcecode.cpp.h; path = opencvstabvideo.hpp; sourceTree = "<group>"; };
		0D124F0C21F303A30082BE8F /* PrefixHeader.pch */ = {isa = PBXFileReference; lastKnownFileType = sourcecode.c.h; path = PrefixHeader.pch; sourceTree = "<group>"; };
		0D8352A421F14A8B00CCDD1F /* stabvideo.app */ = {isa = PBXFileReference; explicitFileType = wrapper.application; includeInIndex = 0; path = stabvideo.app; sourceTree = BUILT_PRODUCTS_DIR; };
		0D8352A721F14A8B00CCDD1F /* AppDelegate.swift */ = {isa = PBXFileReference; lastKnownFileType = sourcecode.swift; path = AppDelegate.swift; sourceTree = "<group>"; };
		0D8352A921F14A8B00CCDD1F /* ViewController.swift */ = {isa = PBXFileReference; lastKnownFileType = sourcecode.swift; path = ViewController.swift; sourceTree = "<group>"; };
		0D8352AC21F14A8B00CCDD1F /* Base */ = {isa = PBXFileReference; lastKnownFileType = file.storyboard; name = Base; path = Base.lproj/Main.storyboard; sourceTree = "<group>"; };
		0D8352AE21F14A8C00CCDD1F /* Assets.xcassets */ = {isa = PBXFileReference; lastKnownFileType = folder.assetcatalog; path = Assets.xcassets; sourceTree = "<group>"; };
		0D8352B121F14A8C00CCDD1F /* Base */ = {isa = PBXFileReference; lastKnownFileType = file.storyboard; name = Base; path = Base.lproj/LaunchScreen.storyboard; sourceTree = "<group>"; };
		0D8352B321F14A8C00CCDD1F /* Info.plist */ = {isa = PBXFileReference; lastKnownFileType = text.plist.xml; path = Info.plist; sourceTree = "<group>"; };
		0D8352B821F14A8C00CCDD1F /* stabvideoTests.xctest */ = {isa = PBXFileReference; explicitFileType = wrapper.cfbundle; includeInIndex = 0; path = stabvideoTests.xctest; sourceTree = BUILT_PRODUCTS_DIR; };
		0D8352BC21F14A8C00CCDD1F /* stabvideoTests.swift */ = {isa = PBXFileReference; lastKnownFileType = sourcecode.swift; path = stabvideoTests.swift; sourceTree = "<group>"; };
		0D8352BE21F14A8C00CCDD1F /* Info.plist */ = {isa = PBXFileReference; lastKnownFileType = text.plist.xml; path = Info.plist; sourceTree = "<group>"; };
		0D8352C321F14A8C00CCDD1F /* stabvideoUITests.xctest */ = {isa = PBXFileReference; explicitFileType = wrapper.cfbundle; includeInIndex = 0; path = stabvideoUITests.xctest; sourceTree = BUILT_PRODUCTS_DIR; };
		0D8352C721F14A8C00CCDD1F /* stabvideoUITests.swift */ = {isa = PBXFileReference; lastKnownFileType = sourcecode.swift; path = stabvideoUITests.swift; sourceTree = "<group>"; };
		0D8352C921F14A8C00CCDD1F /* Info.plist */ = {isa = PBXFileReference; lastKnownFileType = text.plist.xml; path = Info.plist; sourceTree = "<group>"; };
		0D8352D521F14C6100CCDD1F /* EditorViewController.swift */ = {isa = PBXFileReference; lastKnownFileType = sourcecode.swift; path = EditorViewController.swift; sourceTree = "<group>"; };
		0D8352D721F14F3100CCDD1F /* VideoCollectionViewCell.swift */ = {isa = PBXFileReference; lastKnownFileType = sourcecode.swift; path = VideoCollectionViewCell.swift; sourceTree = "<group>"; };
		1B203DE5E75AF8513A6B0497 /* Pods_stabvideoUITests.framework */ = {isa = PBXFileReference; explicitFileType = wrapper.framework; includeInIndex = 0; path = Pods_stabvideoUITests.framework; sourceTree = BUILT_PRODUCTS_DIR; };
		204AE37008C9AE9661CA306C /* Pods-stabvideoUITests.release.xcconfig */ = {isa = PBXFileReference; includeInIndex = 1; lastKnownFileType = text.xcconfig; name = "Pods-stabvideoUITests.release.xcconfig"; path = "Pods/Target Support Files/Pods-stabvideoUITests/Pods-stabvideoUITests.release.xcconfig"; sourceTree = "<group>"; };
		6DA38837717C97ADF9B0623D /* Pods-stabvideoTests.release.xcconfig */ = {isa = PBXFileReference; includeInIndex = 1; lastKnownFileType = text.xcconfig; name = "Pods-stabvideoTests.release.xcconfig"; path = "Pods/Target Support Files/Pods-stabvideoTests/Pods-stabvideoTests.release.xcconfig"; sourceTree = "<group>"; };
		6F1BA64FE44A84E7CB4713D8 /* Pods-stabvideoUITests.debug.xcconfig */ = {isa = PBXFileReference; includeInIndex = 1; lastKnownFileType = text.xcconfig; name = "Pods-stabvideoUITests.debug.xcconfig"; path = "Pods/Target Support Files/Pods-stabvideoUITests/Pods-stabvideoUITests.debug.xcconfig"; sourceTree = "<group>"; };
		A2A82185EA30D9E406BFF979 /* Pods_stabvideoTests.framework */ = {isa = PBXFileReference; explicitFileType = wrapper.framework; includeInIndex = 0; path = Pods_stabvideoTests.framework; sourceTree = BUILT_PRODUCTS_DIR; };
		ADEAA1CB79A06B274AB51C6E /* Pods-stabvideoTests.debug.xcconfig */ = {isa = PBXFileReference; includeInIndex = 1; lastKnownFileType = text.xcconfig; name = "Pods-stabvideoTests.debug.xcconfig"; path = "Pods/Target Support Files/Pods-stabvideoTests/Pods-stabvideoTests.debug.xcconfig"; sourceTree = "<group>"; };
		C0C6E07AF2120B04C8F6CECF /* Pods-stabvideo.debug.xcconfig */ = {isa = PBXFileReference; includeInIndex = 1; lastKnownFileType = text.xcconfig; name = "Pods-stabvideo.debug.xcconfig"; path = "Pods/Target Support Files/Pods-stabvideo/Pods-stabvideo.debug.xcconfig"; sourceTree = "<group>"; };
		D6E40C7F63943223959439B6 /* Pods_stabvideo.framework */ = {isa = PBXFileReference; explicitFileType = wrapper.framework; includeInIndex = 0; path = Pods_stabvideo.framework; sourceTree = BUILT_PRODUCTS_DIR; };
/* End PBXFileReference section */

/* Begin PBXFrameworksBuildPhase section */
		0D8352A121F14A8B00CCDD1F /* Frameworks */ = {
			isa = PBXFrameworksBuildPhase;
			buildActionMask = 2147483647;
			files = (
				0D11D77B21F1521E0039C083 /* CoreVideo.framework in Frameworks */,
				0D11D77921F1520C0039C083 /* AssetsLibrary.framework in Frameworks */,
				0D11D77721F151FE0039C083 /* CoreFoundation.framework in Frameworks */,
				0D11D77521F151ED0039C083 /* CoreMedia.framework in Frameworks */,
				0D11D77321F151DE0039C083 /* Accelerate.framework in Frameworks */,
				0D11D77121F151D70039C083 /* CoreImage.framework in Frameworks */,
				0D11D76F21F151AC0039C083 /* opencv2.framework in Frameworks */,
				87AF4C3F66129FAB09AECC14 /* Pods_stabvideo.framework in Frameworks */,
			);
			runOnlyForDeploymentPostprocessing = 0;
		};
		0D8352B521F14A8C00CCDD1F /* Frameworks */ = {
			isa = PBXFrameworksBuildPhase;
			buildActionMask = 2147483647;
			files = (
				E190DF5A35C54BC3F2AFDC3B /* Pods_stabvideoTests.framework in Frameworks */,
			);
			runOnlyForDeploymentPostprocessing = 0;
		};
		0D8352C021F14A8C00CCDD1F /* Frameworks */ = {
			isa = PBXFrameworksBuildPhase;
			buildActionMask = 2147483647;
			files = (
				93DF99C4676507ED84B4D2C3 /* Pods_stabvideoUITests.framework in Frameworks */,
			);
			runOnlyForDeploymentPostprocessing = 0;
		};
/* End PBXFrameworksBuildPhase section */

/* Begin PBXGroup section */
		0D83529B21F14A8B00CCDD1F = {
			isa = PBXGroup;
			children = (
				0D8352A621F14A8B00CCDD1F /* stabvideo */,
				0D8352BB21F14A8C00CCDD1F /* stabvideoTests */,
				0D8352C621F14A8C00CCDD1F /* stabvideoUITests */,
				0D8352A521F14A8B00CCDD1F /* Products */,
				BC01EDE58044079C3622C64F /* Pods */,
				743F4B4AF0E57EBA975C1B60 /* Frameworks */,
			);
			sourceTree = "<group>";
		};
		0D8352A521F14A8B00CCDD1F /* Products */ = {
			isa = PBXGroup;
			children = (
				0D8352A421F14A8B00CCDD1F /* stabvideo.app */,
				0D8352B821F14A8C00CCDD1F /* stabvideoTests.xctest */,
				0D8352C321F14A8C00CCDD1F /* stabvideoUITests.xctest */,
			);
			name = Products;
			sourceTree = "<group>";
		};
		0D8352A621F14A8B00CCDD1F /* stabvideo */ = {
			isa = PBXGroup;
			children = (
				0D8352A721F14A8B00CCDD1F /* AppDelegate.swift */,
				0D8352A921F14A8B00CCDD1F /* ViewController.swift */,
				0D8352D721F14F3100CCDD1F /* VideoCollectionViewCell.swift */,
				0D8352AB21F14A8B00CCDD1F /* Main.storyboard */,
				0D8352AE21F14A8C00CCDD1F /* Assets.xcassets */,
				0D8352B021F14A8C00CCDD1F /* LaunchScreen.storyboard */,
				0D8352B321F14A8C00CCDD1F /* Info.plist */,
				0D8352D521F14C6100CCDD1F /* EditorViewController.swift */,
				0D11D78021F2502B0039C083 /* opencvstabvideo.cpp */,
				0D11D78121F2502B0039C083 /* opencvstabvideo.hpp */,
				0D11D77D21F152490039C083 /* OpenCVWrapper.h */,
				0D11D77E21F152490039C083 /* OpenCVWrapper.mm */,
				0D11D77C21F152490039C083 /* stabvideo-Bridging-Header.h */,
				0D124F0C21F303A30082BE8F /* PrefixHeader.pch */,
			);
			path = stabvideo;
			sourceTree = "<group>";
		};
		0D8352BB21F14A8C00CCDD1F /* stabvideoTests */ = {
			isa = PBXGroup;
			children = (
				0D8352BC21F14A8C00CCDD1F /* stabvideoTests.swift */,
				0D8352BE21F14A8C00CCDD1F /* Info.plist */,
			);
			path = stabvideoTests;
			sourceTree = "<group>";
		};
		0D8352C621F14A8C00CCDD1F /* stabvideoUITests */ = {
			isa = PBXGroup;
			children = (
				0D8352C721F14A8C00CCDD1F /* stabvideoUITests.swift */,
				0D8352C921F14A8C00CCDD1F /* Info.plist */,
			);
			path = stabvideoUITests;
			sourceTree = "<group>";
		};
		743F4B4AF0E57EBA975C1B60 /* Frameworks */ = {
			isa = PBXGroup;
			children = (
				0D11D77A21F1521E0039C083 /* CoreVideo.framework */,
				0D11D77821F1520C0039C083 /* AssetsLibrary.framework */,
				0D11D77621F151FE0039C083 /* CoreFoundation.framework */,
				0D11D77421F151ED0039C083 /* CoreMedia.framework */,
				0D11D77221F151DE0039C083 /* Accelerate.framework */,
				0D11D77021F151D70039C083 /* CoreImage.framework */,
				0D11D76E21F151AC0039C083 /* opencv2.framework */,
				D6E40C7F63943223959439B6 /* Pods_stabvideo.framework */,
				A2A82185EA30D9E406BFF979 /* Pods_stabvideoTests.framework */,
				1B203DE5E75AF8513A6B0497 /* Pods_stabvideoUITests.framework */,
			);
			name = Frameworks;
			sourceTree = "<group>";
		};
		BC01EDE58044079C3622C64F /* Pods */ = {
			isa = PBXGroup;
			children = (
				C0C6E07AF2120B04C8F6CECF /* Pods-stabvideo.debug.xcconfig */,
				0BFCE0549CF9C90AC57D1264 /* Pods-stabvideo.release.xcconfig */,
				ADEAA1CB79A06B274AB51C6E /* Pods-stabvideoTests.debug.xcconfig */,
				6DA38837717C97ADF9B0623D /* Pods-stabvideoTests.release.xcconfig */,
				6F1BA64FE44A84E7CB4713D8 /* Pods-stabvideoUITests.debug.xcconfig */,
				204AE37008C9AE9661CA306C /* Pods-stabvideoUITests.release.xcconfig */,
			);
			name = Pods;
			sourceTree = "<group>";
		};
/* End PBXGroup section */

/* Begin PBXNativeTarget section */
		0D8352A321F14A8B00CCDD1F /* stabvideo */ = {
			isa = PBXNativeTarget;
			buildConfigurationList = 0D8352CC21F14A8C00CCDD1F /* Build configuration list for PBXNativeTarget "stabvideo" */;
			buildPhases = (
				4B8AD7BE1C0923E747AD2FE5 /* [CP] Check Pods Manifest.lock */,
				0D8352A021F14A8B00CCDD1F /* Sources */,
				0D8352A121F14A8B00CCDD1F /* Frameworks */,
				0D8352A221F14A8B00CCDD1F /* Resources */,
			);
			buildRules = (
			);
			dependencies = (
			);
			name = stabvideo;
			productName = stabvideo;
			productReference = 0D8352A421F14A8B00CCDD1F /* stabvideo.app */;
			productType = "com.apple.product-type.application";
		};
		0D8352B721F14A8C00CCDD1F /* stabvideoTests */ = {
			isa = PBXNativeTarget;
			buildConfigurationList = 0D8352CF21F14A8C00CCDD1F /* Build configuration list for PBXNativeTarget "stabvideoTests" */;
			buildPhases = (
				63F0D5D4161BD84E0017EE9B /* [CP] Check Pods Manifest.lock */,
				0D8352B421F14A8C00CCDD1F /* Sources */,
				0D8352B521F14A8C00CCDD1F /* Frameworks */,
				0D8352B621F14A8C00CCDD1F /* Resources */,
			);
			buildRules = (
			);
			dependencies = (
				0D8352BA21F14A8C00CCDD1F /* PBXTargetDependency */,
			);
			name = stabvideoTests;
			productName = stabvideoTests;
			productReference = 0D8352B821F14A8C00CCDD1F /* stabvideoTests.xctest */;
			productType = "com.apple.product-type.bundle.unit-test";
		};
		0D8352C221F14A8C00CCDD1F /* stabvideoUITests */ = {
			isa = PBXNativeTarget;
			buildConfigurationList = 0D8352D221F14A8C00CCDD1F /* Build configuration list for PBXNativeTarget "stabvideoUITests" */;
			buildPhases = (
				3C09D0168CAAABA7CC3DC6B2 /* [CP] Check Pods Manifest.lock */,
				0D8352BF21F14A8C00CCDD1F /* Sources */,
				0D8352C021F14A8C00CCDD1F /* Frameworks */,
				0D8352C121F14A8C00CCDD1F /* Resources */,
			);
			buildRules = (
			);
			dependencies = (
				0D8352C521F14A8C00CCDD1F /* PBXTargetDependency */,
			);
			name = stabvideoUITests;
			productName = stabvideoUITests;
			productReference = 0D8352C321F14A8C00CCDD1F /* stabvideoUITests.xctest */;
			productType = "com.apple.product-type.bundle.ui-testing";
		};
/* End PBXNativeTarget section */

/* Begin PBXProject section */
		0D83529C21F14A8B00CCDD1F /* Project object */ = {
			isa = PBXProject;
			attributes = {
				LastSwiftUpdateCheck = 1010;
				LastUpgradeCheck = 1010;
				ORGANIZATIONNAME = "Dinh Le";
				TargetAttributes = {
					0D8352A321F14A8B00CCDD1F = {
						CreatedOnToolsVersion = 10.1;
						LastSwiftMigration = 1010;
					};
					0D8352B721F14A8C00CCDD1F = {
						CreatedOnToolsVersion = 10.1;
						TestTargetID = 0D8352A321F14A8B00CCDD1F;
					};
					0D8352C221F14A8C00CCDD1F = {
						CreatedOnToolsVersion = 10.1;
						TestTargetID = 0D8352A321F14A8B00CCDD1F;
					};
				};
			};
			buildConfigurationList = 0D83529F21F14A8B00CCDD1F /* Build configuration list for PBXProject "stabvideo" */;
			compatibilityVersion = "Xcode 9.3";
			developmentRegion = en;
			hasScannedForEncodings = 0;
			knownRegions = (
				en,
				Base,
			);
			mainGroup = 0D83529B21F14A8B00CCDD1F;
			productRefGroup = 0D8352A521F14A8B00CCDD1F /* Products */;
			projectDirPath = "";
			projectRoot = "";
			targets = (
				0D8352A321F14A8B00CCDD1F /* stabvideo */,
				0D8352B721F14A8C00CCDD1F /* stabvideoTests */,
				0D8352C221F14A8C00CCDD1F /* stabvideoUITests */,
			);
		};
/* End PBXProject section */

/* Begin PBXResourcesBuildPhase section */
		0D8352A221F14A8B00CCDD1F /* Resources */ = {
			isa = PBXResourcesBuildPhase;
			buildActionMask = 2147483647;
			files = (
				0D8352B221F14A8C00CCDD1F /* LaunchScreen.storyboard in Resources */,
				0D8352AF21F14A8C00CCDD1F /* Assets.xcassets in Resources */,
				0D8352AD21F14A8B00CCDD1F /* Main.storyboard in Resources */,
			);
			runOnlyForDeploymentPostprocessing = 0;
		};
		0D8352B621F14A8C00CCDD1F /* Resources */ = {
			isa = PBXResourcesBuildPhase;
			buildActionMask = 2147483647;
			files = (
			);
			runOnlyForDeploymentPostprocessing = 0;
		};
		0D8352C121F14A8C00CCDD1F /* Resources */ = {
			isa = PBXResourcesBuildPhase;
			buildActionMask = 2147483647;
			files = (
			);
			runOnlyForDeploymentPostprocessing = 0;
		};
/* End PBXResourcesBuildPhase section */

/* Begin PBXShellScriptBuildPhase section */
		3C09D0168CAAABA7CC3DC6B2 /* [CP] Check Pods Manifest.lock */ = {
			isa = PBXShellScriptBuildPhase;
			buildActionMask = 2147483647;
			files = (
			);
			inputFileListPaths = (
			);
			inputPaths = (
				"${PODS_PODFILE_DIR_PATH}/Podfile.lock",
				"${PODS_ROOT}/Manifest.lock",
			);
			name = "[CP] Check Pods Manifest.lock";
			outputFileListPaths = (
			);
			outputPaths = (
				"$(DERIVED_FILE_DIR)/Pods-stabvideoUITests-checkManifestLockResult.txt",
			);
			runOnlyForDeploymentPostprocessing = 0;
			shellPath = /bin/sh;
			shellScript = "diff \"${PODS_PODFILE_DIR_PATH}/Podfile.lock\" \"${PODS_ROOT}/Manifest.lock\" > /dev/null\nif [ $? != 0 ] ; then\n    # print error to STDERR\n    echo \"error: The sandbox is not in sync with the Podfile.lock. Run 'pod install' or update your CocoaPods installation.\" >&2\n    exit 1\nfi\n# This output is used by Xcode 'outputs' to avoid re-running this script phase.\necho \"SUCCESS\" > \"${SCRIPT_OUTPUT_FILE_0}\"\n";
			showEnvVarsInLog = 0;
		};
		4B8AD7BE1C0923E747AD2FE5 /* [CP] Check Pods Manifest.lock */ = {
			isa = PBXShellScriptBuildPhase;
			buildActionMask = 2147483647;
			files = (
			);
			inputFileListPaths = (
			);
			inputPaths = (
				"${PODS_PODFILE_DIR_PATH}/Podfile.lock",
				"${PODS_ROOT}/Manifest.lock",
			);
			name = "[CP] Check Pods Manifest.lock";
			outputFileListPaths = (
			);
			outputPaths = (
				"$(DERIVED_FILE_DIR)/Pods-stabvideo-checkManifestLockResult.txt",
			);
			runOnlyForDeploymentPostprocessing = 0;
			shellPath = /bin/sh;
			shellScript = "diff \"${PODS_PODFILE_DIR_PATH}/Podfile.lock\" \"${PODS_ROOT}/Manifest.lock\" > /dev/null\nif [ $? != 0 ] ; then\n    # print error to STDERR\n    echo \"error: The sandbox is not in sync with the Podfile.lock. Run 'pod install' or update your CocoaPods installation.\" >&2\n    exit 1\nfi\n# This output is used by Xcode 'outputs' to avoid re-running this script phase.\necho \"SUCCESS\" > \"${SCRIPT_OUTPUT_FILE_0}\"\n";
			showEnvVarsInLog = 0;
		};
		63F0D5D4161BD84E0017EE9B /* [CP] Check Pods Manifest.lock */ = {
			isa = PBXShellScriptBuildPhase;
			buildActionMask = 2147483647;
			files = (
			);
			inputFileListPaths = (
			);
			inputPaths = (
				"${PODS_PODFILE_DIR_PATH}/Podfile.lock",
				"${PODS_ROOT}/Manifest.lock",
			);
			name = "[CP] Check Pods Manifest.lock";
			outputFileListPaths = (
			);
			outputPaths = (
				"$(DERIVED_FILE_DIR)/Pods-stabvideoTests-checkManifestLockResult.txt",
			);
			runOnlyForDeploymentPostprocessing = 0;
			shellPath = /bin/sh;
			shellScript = "diff \"${PODS_PODFILE_DIR_PATH}/Podfile.lock\" \"${PODS_ROOT}/Manifest.lock\" > /dev/null\nif [ $? != 0 ] ; then\n    # print error to STDERR\n    echo \"error: The sandbox is not in sync with the Podfile.lock. Run 'pod install' or update your CocoaPods installation.\" >&2\n    exit 1\nfi\n# This output is used by Xcode 'outputs' to avoid re-running this script phase.\necho \"SUCCESS\" > \"${SCRIPT_OUTPUT_FILE_0}\"\n";
			showEnvVarsInLog = 0;
		};
/* End PBXShellScriptBuildPhase section */

/* Begin PBXSourcesBuildPhase section */
		0D8352A021F14A8B00CCDD1F /* Sources */ = {
			isa = PBXSourcesBuildPhase;
			buildActionMask = 2147483647;
			files = (
				0D8352D821F14F3100CCDD1F /* VideoCollectionViewCell.swift in Sources */,
				0D11D77F21F152490039C083 /* OpenCVWrapper.mm in Sources */,
				0D11D78221F2502B0039C083 /* opencvstabvideo.cpp in Sources */,
				0D8352AA21F14A8B00CCDD1F /* ViewController.swift in Sources */,
				0D8352D621F14C6100CCDD1F /* EditorViewController.swift in Sources */,
				0D8352A821F14A8B00CCDD1F /* AppDelegate.swift in Sources */,
			);
			runOnlyForDeploymentPostprocessing = 0;
		};
		0D8352B421F14A8C00CCDD1F /* Sources */ = {
			isa = PBXSourcesBuildPhase;
			buildActionMask = 2147483647;
			files = (
				0D8352BD21F14A8C00CCDD1F /* stabvideoTests.swift in Sources */,
			);
			runOnlyForDeploymentPostprocessing = 0;
		};
		0D8352BF21F14A8C00CCDD1F /* Sources */ = {
			isa = PBXSourcesBuildPhase;
			buildActionMask = 2147483647;
			files = (
				0D8352C821F14A8C00CCDD1F /* stabvideoUITests.swift in Sources */,
			);
			runOnlyForDeploymentPostprocessing = 0;
		};
/* End PBXSourcesBuildPhase section */

/* Begin PBXTargetDependency section */
		0D8352BA21F14A8C00CCDD1F /* PBXTargetDependency */ = {
			isa = PBXTargetDependency;
			target = 0D8352A321F14A8B00CCDD1F /* stabvideo */;
			targetProxy = 0D8352B921F14A8C00CCDD1F /* PBXContainerItemProxy */;
		};
		0D8352C521F14A8C00CCDD1F /* PBXTargetDependency */ = {
			isa = PBXTargetDependency;
			target = 0D8352A321F14A8B00CCDD1F /* stabvideo */;
			targetProxy = 0D8352C421F14A8C00CCDD1F /* PBXContainerItemProxy */;
		};
/* End PBXTargetDependency section */

/* Begin PBXVariantGroup section */
		0D8352AB21F14A8B00CCDD1F /* Main.storyboard */ = {
			isa = PBXVariantGroup;
			children = (
				0D8352AC21F14A8B00CCDD1F /* Base */,
			);
			name = Main.storyboard;
			sourceTree = "<group>";
		};
		0D8352B021F14A8C00CCDD1F /* LaunchScreen.storyboard */ = {
			isa = PBXVariantGroup;
			children = (
				0D8352B121F14A8C00CCDD1F /* Base */,
			);
			name = LaunchScreen.storyboard;
			sourceTree = "<group>";
		};
/* End PBXVariantGroup section */

/* Begin XCBuildConfiguration section */
		0D8352CA21F14A8C00CCDD1F /* Debug */ = {
			isa = XCBuildConfiguration;
			buildSettings = {
				ALWAYS_SEARCH_USER_PATHS = NO;
				CLANG_ANALYZER_NONNULL = YES;
				CLANG_ANALYZER_NUMBER_OBJECT_CONVERSION = YES_AGGRESSIVE;
				CLANG_CXX_LANGUAGE_STANDARD = "gnu++14";
				CLANG_CXX_LIBRARY = "libc++";
				CLANG_ENABLE_MODULES = YES;
				CLANG_ENABLE_OBJC_ARC = YES;
				CLANG_ENABLE_OBJC_WEAK = YES;
				CLANG_WARN_BLOCK_CAPTURE_AUTORELEASING = YES;
				CLANG_WARN_BOOL_CONVERSION = YES;
				CLANG_WARN_COMMA = YES;
				CLANG_WARN_CONSTANT_CONVERSION = YES;
				CLANG_WARN_DEPRECATED_OBJC_IMPLEMENTATIONS = YES;
				CLANG_WARN_DIRECT_OBJC_ISA_USAGE = YES_ERROR;
				CLANG_WARN_DOCUMENTATION_COMMENTS = YES;
				CLANG_WARN_EMPTY_BODY = YES;
				CLANG_WARN_ENUM_CONVERSION = YES;
				CLANG_WARN_INFINITE_RECURSION = YES;
				CLANG_WARN_INT_CONVERSION = YES;
				CLANG_WARN_NON_LITERAL_NULL_CONVERSION = YES;
				CLANG_WARN_OBJC_IMPLICIT_RETAIN_SELF = YES;
				CLANG_WARN_OBJC_LITERAL_CONVERSION = YES;
				CLANG_WARN_OBJC_ROOT_CLASS = YES_ERROR;
				CLANG_WARN_RANGE_LOOP_ANALYSIS = YES;
				CLANG_WARN_STRICT_PROTOTYPES = YES;
				CLANG_WARN_SUSPICIOUS_MOVE = YES;
				CLANG_WARN_UNGUARDED_AVAILABILITY = YES_AGGRESSIVE;
				CLANG_WARN_UNREACHABLE_CODE = YES;
				CLANG_WARN__DUPLICATE_METHOD_MATCH = YES;
				CODE_SIGN_IDENTITY = "iPhone Developer";
				COPY_PHASE_STRIP = NO;
				DEBUG_INFORMATION_FORMAT = dwarf;
				ENABLE_STRICT_OBJC_MSGSEND = YES;
				ENABLE_TESTABILITY = YES;
				GCC_C_LANGUAGE_STANDARD = gnu11;
				GCC_DYNAMIC_NO_PIC = NO;
				GCC_NO_COMMON_BLOCKS = YES;
				GCC_OPTIMIZATION_LEVEL = 0;
				GCC_PREPROCESSOR_DEFINITIONS = (
					"DEBUG=1",
					"$(inherited)",
				);
				GCC_WARN_64_TO_32_BIT_CONVERSION = YES;
				GCC_WARN_ABOUT_RETURN_TYPE = YES_ERROR;
				GCC_WARN_UNDECLARED_SELECTOR = YES;
				GCC_WARN_UNINITIALIZED_AUTOS = YES_AGGRESSIVE;
				GCC_WARN_UNUSED_FUNCTION = YES;
				GCC_WARN_UNUSED_VARIABLE = YES;
				IPHONEOS_DEPLOYMENT_TARGET = 12.1;
				MTL_ENABLE_DEBUG_INFO = INCLUDE_SOURCE;
				MTL_FAST_MATH = YES;
				ONLY_ACTIVE_ARCH = YES;
				SDKROOT = iphoneos;
				SWIFT_ACTIVE_COMPILATION_CONDITIONS = DEBUG;
				SWIFT_OPTIMIZATION_LEVEL = "-Onone";
			};
			name = Debug;
		};
		0D8352CB21F14A8C00CCDD1F /* Release */ = {
			isa = XCBuildConfiguration;
			buildSettings = {
				ALWAYS_SEARCH_USER_PATHS = NO;
				CLANG_ANALYZER_NONNULL = YES;
				CLANG_ANALYZER_NUMBER_OBJECT_CONVERSION = YES_AGGRESSIVE;
				CLANG_CXX_LANGUAGE_STANDARD = "gnu++14";
				CLANG_CXX_LIBRARY = "libc++";
				CLANG_ENABLE_MODULES = YES;
				CLANG_ENABLE_OBJC_ARC = YES;
				CLANG_ENABLE_OBJC_WEAK = YES;
				CLANG_WARN_BLOCK_CAPTURE_AUTORELEASING = YES;
				CLANG_WARN_BOOL_CONVERSION = YES;
				CLANG_WARN_COMMA = YES;
				CLANG_WARN_CONSTANT_CONVERSION = YES;
				CLANG_WARN_DEPRECATED_OBJC_IMPLEMENTATIONS = YES;
				CLANG_WARN_DIRECT_OBJC_ISA_USAGE = YES_ERROR;
				CLANG_WARN_DOCUMENTATION_COMMENTS = YES;
				CLANG_WARN_EMPTY_BODY = YES;
				CLANG_WARN_ENUM_CONVERSION = YES;
				CLANG_WARN_INFINITE_RECURSION = YES;
				CLANG_WARN_INT_CONVERSION = YES;
				CLANG_WARN_NON_LITERAL_NULL_CONVERSION = YES;
				CLANG_WARN_OBJC_IMPLICIT_RETAIN_SELF = YES;
				CLANG_WARN_OBJC_LITERAL_CONVERSION = YES;
				CLANG_WARN_OBJC_ROOT_CLASS = YES_ERROR;
				CLANG_WARN_RANGE_LOOP_ANALYSIS = YES;
				CLANG_WARN_STRICT_PROTOTYPES = YES;
				CLANG_WARN_SUSPICIOUS_MOVE = YES;
				CLANG_WARN_UNGUARDED_AVAILABILITY = YES_AGGRESSIVE;
				CLANG_WARN_UNREACHABLE_CODE = YES;
				CLANG_WARN__DUPLICATE_METHOD_MATCH = YES;
				CODE_SIGN_IDENTITY = "iPhone Developer";
				COPY_PHASE_STRIP = NO;
				DEBUG_INFORMATION_FORMAT = "dwarf-with-dsym";
				ENABLE_NS_ASSERTIONS = NO;
				ENABLE_STRICT_OBJC_MSGSEND = YES;
				GCC_C_LANGUAGE_STANDARD = gnu11;
				GCC_NO_COMMON_BLOCKS = YES;
				GCC_WARN_64_TO_32_BIT_CONVERSION = YES;
				GCC_WARN_ABOUT_RETURN_TYPE = YES_ERROR;
				GCC_WARN_UNDECLARED_SELECTOR = YES;
				GCC_WARN_UNINITIALIZED_AUTOS = YES_AGGRESSIVE;
				GCC_WARN_UNUSED_FUNCTION = YES;
				GCC_WARN_UNUSED_VARIABLE = YES;
				IPHONEOS_DEPLOYMENT_TARGET = 12.1;
				MTL_ENABLE_DEBUG_INFO = NO;
				MTL_FAST_MATH = YES;
				SDKROOT = iphoneos;
				SWIFT_COMPILATION_MODE = wholemodule;
				SWIFT_OPTIMIZATION_LEVEL = "-O";
				VALIDATE_PRODUCT = YES;
			};
			name = Release;
		};
		0D8352CD21F14A8C00CCDD1F /* Debug */ = {
			isa = XCBuildConfiguration;
			baseConfigurationReference = C0C6E07AF2120B04C8F6CECF /* Pods-stabvideo.debug.xcconfig */;
			buildSettings = {
				ASSETCATALOG_COMPILER_APPICON_NAME = AppIcon;
				CLANG_ENABLE_MODULES = YES;
				CLANG_WARN_DOCUMENTATION_COMMENTS = NO;
				CODE_SIGN_STYLE = Automatic;
				FRAMEWORK_SEARCH_PATHS = (
					"$(inherited)",
					"$(PROJECT_DIR)/stabvideo",
					"$(PROJECT_DIR)",
				);
				GCC_PREFIX_HEADER = "$(SRCROOT)/stabvideo/PrefixHeader.pch";
				INFOPLIST_FILE = stabvideo/Info.plist;
				LD_RUNPATH_SEARCH_PATHS = (
					"$(inherited)",
					"@executable_path/Frameworks",
				);
				PRODUCT_BUNDLE_IDENTIFIER = com.tandinhlee.stabvideo;
				PRODUCT_NAME = "$(TARGET_NAME)";
				SWIFT_OBJC_BRIDGING_HEADER = "stabvideo/stabvideo-Bridging-Header.h";
				SWIFT_OPTIMIZATION_LEVEL = "-Onone";
				SWIFT_VERSION = 4.2;
				TARGETED_DEVICE_FAMILY = "1,2";
			};
			name = Debug;
		};
		0D8352CE21F14A8C00CCDD1F /* Release */ = {
			isa = XCBuildConfiguration;
			baseConfigurationReference = 0BFCE0549CF9C90AC57D1264 /* Pods-stabvideo.release.xcconfig */;
			buildSettings = {
				ASSETCATALOG_COMPILER_APPICON_NAME = AppIcon;
				CLANG_ENABLE_MODULES = YES;
				CLANG_WARN_DOCUMENTATION_COMMENTS = NO;
				CODE_SIGN_STYLE = Automatic;
				FRAMEWORK_SEARCH_PATHS = (
					"$(inherited)",
					"$(PROJECT_DIR)/stabvideo",
					"$(PROJECT_DIR)",
				);
				GCC_PREFIX_HEADER = "$(SRCROOT)/stabvideo/PrefixHeader.pch";
				INFOPLIST_FILE = stabvideo/Info.plist;
				LD_RUNPATH_SEARCH_PATHS = (
					"$(inherited)",
					"@executable_path/Frameworks",
				);
				PRODUCT_BUNDLE_IDENTIFIER = com.tandinhlee.stabvideo;
				PRODUCT_NAME = "$(TARGET_NAME)";
				SWIFT_OBJC_BRIDGING_HEADER = "stabvideo/stabvideo-Bridging-Header.h";
				SWIFT_VERSION = 4.2;
				TARGETED_DEVICE_FAMILY = "1,2";
			};
			name = Release;
		};
		0D8352D021F14A8C00CCDD1F /* Debug */ = {
			isa = XCBuildConfiguration;
			baseConfigurationReference = ADEAA1CB79A06B274AB51C6E /* Pods-stabvideoTests.debug.xcconfig */;
			buildSettings = {
				ALWAYS_EMBED_SWIFT_STANDARD_LIBRARIES = YES;
				BUNDLE_LOADER = "$(TEST_HOST)";
				CODE_SIGN_STYLE = Automatic;
				INFOPLIST_FILE = stabvideoTests/Info.plist;
				LD_RUNPATH_SEARCH_PATHS = (
					"$(inherited)",
					"@executable_path/Frameworks",
					"@loader_path/Frameworks",
				);
				PRODUCT_BUNDLE_IDENTIFIER = com.tandinhlee.stabvideoTests;
				PRODUCT_NAME = "$(TARGET_NAME)";
				SWIFT_VERSION = 4.2;
				TARGETED_DEVICE_FAMILY = "1,2";
				TEST_HOST = "$(BUILT_PRODUCTS_DIR)/stabvideo.app/stabvideo";
			};
			name = Debug;
		};
		0D8352D121F14A8C00CCDD1F /* Release */ = {
			isa = XCBuildConfiguration;
			baseConfigurationReference = 6DA38837717C97ADF9B0623D /* Pods-stabvideoTests.release.xcconfig */;
			buildSettings = {
				ALWAYS_EMBED_SWIFT_STANDARD_LIBRARIES = YES;
				BUNDLE_LOADER = "$(TEST_HOST)";
				CODE_SIGN_STYLE = Automatic;
				INFOPLIST_FILE = stabvideoTests/Info.plist;
				LD_RUNPATH_SEARCH_PATHS = (
					"$(inherited)",
					"@executable_path/Frameworks",
					"@loader_path/Frameworks",
				);
				PRODUCT_BUNDLE_IDENTIFIER = com.tandinhlee.stabvideoTests;
				PRODUCT_NAME = "$(TARGET_NAME)";
				SWIFT_VERSION = 4.2;
				TARGETED_DEVICE_FAMILY = "1,2";
				TEST_HOST = "$(BUILT_PRODUCTS_DIR)/stabvideo.app/stabvideo";
			};
			name = Release;
		};
		0D8352D321F14A8C00CCDD1F /* Debug */ = {
			isa = XCBuildConfiguration;
			baseConfigurationReference = 6F1BA64FE44A84E7CB4713D8 /* Pods-stabvideoUITests.debug.xcconfig */;
			buildSettings = {
				ALWAYS_EMBED_SWIFT_STANDARD_LIBRARIES = YES;
				CODE_SIGN_STYLE = Automatic;
				INFOPLIST_FILE = stabvideoUITests/Info.plist;
				LD_RUNPATH_SEARCH_PATHS = (
					"$(inherited)",
					"@executable_path/Frameworks",
					"@loader_path/Frameworks",
				);
				PRODUCT_BUNDLE_IDENTIFIER = com.tandinhlee.stabvideoUITests;
				PRODUCT_NAME = "$(TARGET_NAME)";
				SWIFT_VERSION = 4.2;
				TARGETED_DEVICE_FAMILY = "1,2";
				TEST_TARGET_NAME = stabvideo;
			};
			name = Debug;
		};
		0D8352D421F14A8C00CCDD1F /* Release */ = {
			isa = XCBuildConfiguration;
			baseConfigurationReference = 204AE37008C9AE9661CA306C /* Pods-stabvideoUITests.release.xcconfig */;
			buildSettings = {
				ALWAYS_EMBED_SWIFT_STANDARD_LIBRARIES = YES;
				CODE_SIGN_STYLE = Automatic;
				INFOPLIST_FILE = stabvideoUITests/Info.plist;
				LD_RUNPATH_SEARCH_PATHS = (
					"$(inherited)",
					"@executable_path/Frameworks",
					"@loader_path/Frameworks",
				);
				PRODUCT_BUNDLE_IDENTIFIER = com.tandinhlee.stabvideoUITests;
				PRODUCT_NAME = "$(TARGET_NAME)";
				SWIFT_VERSION = 4.2;
				TARGETED_DEVICE_FAMILY = "1,2";
				TEST_TARGET_NAME = stabvideo;
			};
			name = Release;
		};
/* End XCBuildConfiguration section */

/* Begin XCConfigurationList section */
		0D83529F21F14A8B00CCDD1F /* Build configuration list for PBXProject "stabvideo" */ = {
			isa = XCConfigurationList;
			buildConfigurations = (
				0D8352CA21F14A8C00CCDD1F /* Debug */,
				0D8352CB21F14A8C00CCDD1F /* Release */,
			);
			defaultConfigurationIsVisible = 0;
			defaultConfigurationName = Release;
		};
		0D8352CC21F14A8C00CCDD1F /* Build configuration list for PBXNativeTarget "stabvideo" */ = {
			isa = XCConfigurationList;
			buildConfigurations = (
				0D8352CD21F14A8C00CCDD1F /* Debug */,
				0D8352CE21F14A8C00CCDD1F /* Release */,
			);
			defaultConfigurationIsVisible = 0;
			defaultConfigurationName = Release;
		};
		0D8352CF21F14A8C00CCDD1F /* Build configuration list for PBXNativeTarget "stabvideoTests" */ = {
			isa = XCConfigurationList;
			buildConfigurations = (
				0D8352D021F14A8C00CCDD1F /* Debug */,
				0D8352D121F14A8C00CCDD1F /* Release */,
			);
			defaultConfigurationIsVisible = 0;
			defaultConfigurationName = Release;
		};
		0D8352D221F14A8C00CCDD1F /* Build configuration list for PBXNativeTarget "stabvideoUITests" */ = {
			isa = XCConfigurationList;
			buildConfigurations = (
				0D8352D321F14A8C00CCDD1F /* Debug */,
				0D8352D421F14A8C00CCDD1F /* Release */,
			);
			defaultConfigurationIsVisible = 0;
			defaultConfigurationName = Release;
		};
/* End XCConfigurationList section */
	};
	rootObject = 0D83529C21F14A8B00CCDD1F /* Project object */;
}
